
Microsoft Visual Studio Solution File, Format Version 12.00
# Visual Studio Version 16
VisualStudioVersion = 16.0.30804.86
MinimumVisualStudioVersion = 10.0.40219.1
Project("{9A19103F-16F7-4668-BE54-9A1E7A4F7556}") = "DrawingCapitalists", "DrawingCapitalists\DrawingCapitalists.csproj", "{31596683-655C-462E-851D-18B9D601E5F1}"
EndProject
Project("{9A19103F-16F7-4668-BE54-9A1E7A4F7556}") = "Core", "Core\Core.csproj", "{E6DCCAB5-80BF-40FF-9294-6FEF59C2B491}"
EndProject
Project("{2150E333-8FDC-42A3-9474-1A3956D46DE8}") = "Utils", "Utils", "{C745FDDA-F4C1-4843-BDA0-310519C4958C}"
EndProject
Project("{FAE04EC0-301F-11D3-BF4B-00C04F79EFBC}") = "MsSqlWordsScriptGenerator", "MsSqlWordsScriptGenerator\MsSqlWordsScriptGenerator.csproj", "{18EBBA88-EE5A-4E32-A667-5997F5648BCE}"
EndProject
Global
	GlobalSection(SolutionConfigurationPlatforms) = preSolution
		Debug|Any CPU = Debug|Any CPU
		Release|Any CPU = Release|Any CPU
	EndGlobalSection
	GlobalSection(ProjectConfigurationPlatforms) = postSolution
		{31596683-655C-462E-851D-18B9D601E5F1}.Debug|Any CPU.ActiveCfg = Debug|Any CPU
		{31596683-655C-462E-851D-18B9D601E5F1}.Debug|Any CPU.Build.0 = Debug|Any CPU
		{31596683-655C-462E-851D-18B9D601E5F1}.Release|Any CPU.ActiveCfg = Release|Any CPU
		{31596683-655C-462E-851D-18B9D601E5F1}.Release|Any CPU.Build.0 = Release|Any CPU
		{E6DCCAB5-80BF-40FF-9294-6FEF59C2B491}.Debug|Any CPU.ActiveCfg = Debug|Any CPU
		{E6DCCAB5-80BF-40FF-9294-6FEF59C2B491}.Debug|Any CPU.Build.0 = Debug|Any CPU
		{E6DCCAB5-80BF-40FF-9294-6FEF59C2B491}.Release|Any CPU.ActiveCfg = Release|Any CPU
		{E6DCCAB5-80BF-40FF-9294-6FEF59C2B491}.Release|Any CPU.Build.0 = Release|Any CPU
		{18EBBA88-EE5A-4E32-A667-5997F5648BCE}.Debug|Any CPU.ActiveCfg = Debug|Any CPU
		{18EBBA88-EE5A-4E32-A667-5997F5648BCE}.Debug|Any CPU.Build.0 = Debug|Any CPU
		{18EBBA88-EE5A-4E32-A667-5997F5648BCE}.Release|Any CPU.ActiveCfg = Release|Any CPU
		{18EBBA88-EE5A-4E32-A667-5997F5648BCE}.Release|Any CPU.Build.0 = Release|Any CPU
	EndGlobalSection
	GlobalSection(SolutionProperties) = preSolution
		HideSolutionNode = FALSE
	EndGlobalSection
	GlobalSection(NestedProjects) = preSolution
		{18EBBA88-EE5A-4E32-A667-5997F5648BCE} = {C745FDDA-F4C1-4843-BDA0-310519C4958C}
	EndGlobalSection
	GlobalSection(ExtensibilityGlobals) = postSolution
		SolutionGuid = {329CA8DA-ABCF-484A-8DC2-D58D1818225B}
	EndGlobalSection
EndGlobal
